
Microsoft Visual Studio Solution File, Format Version 12.00
# Visual Studio 15
VisualStudioVersion = 15.0.27428.2043
MinimumVisualStudioVersion = 10.0.40219.1
Project("{FAE04EC0-301F-11D3-BF4B-00C04F79EFBC}") = "MyTest.Android", "MyTest\MyTest.Android\MyTest.Android.csproj", "{054F4680-2519-416F-A8DA-C24F7931899E}"
EndProject
Project("{FAE04EC0-301F-11D3-BF4B-00C04F79EFBC}") = "MyTest.iOS", "MyTest\MyTest.iOS\MyTest.iOS.csproj", "{BD5D4F1F-2D46-43D5-B887-7A5015A8CE54}"
EndProject
Project("{FAE04EC0-301F-11D3-BF4B-00C04F79EFBC}") = "MyTest.UWP", "MyTest\MyTest.UWP\MyTest.UWP.csproj", "{81508F68-073B-4C83-9C7C-1A1B77B47094}"
EndProject
Project("{9A19103F-16F7-4668-BE54-9A1E7A4F7556}") = "MyTest", "MyTest\MyTest\MyTest.csproj", "{6AC582E3-DCBB-4D9C-ACBA-52FFAD0DA95B}"
EndProject
Project("{FAE04EC0-301F-11D3-BF4B-00C04F79EFBC}") = "UITestMyTest", "UITestMyTest\UITestMyTest.csproj", "{B19C892E-2628-4CA7-AD27-08D406A3B14B}"
EndProject
Global
	GlobalSection(SolutionConfigurationPlatforms) = preSolution
		Ad-Hoc|Any CPU = Ad-Hoc|Any CPU
		Ad-Hoc|ARM = Ad-Hoc|ARM
		Ad-Hoc|iPhone = Ad-Hoc|iPhone
		Ad-Hoc|iPhoneSimulator = Ad-Hoc|iPhoneSimulator
		Ad-Hoc|x64 = Ad-Hoc|x64
		Ad-Hoc|x86 = Ad-Hoc|x86
		AppStore|Any CPU = AppStore|Any CPU
		AppStore|ARM = AppStore|ARM
		AppStore|iPhone = AppStore|iPhone
		AppStore|iPhoneSimulator = AppStore|iPhoneSimulator
		AppStore|x64 = AppStore|x64
		AppStore|x86 = AppStore|x86
		Debug|Any CPU = Debug|Any CPU
		Debug|ARM = Debug|ARM
		Debug|iPhone = Debug|iPhone
		Debug|iPhoneSimulator = Debug|iPhoneSimulator
		Debug|x64 = Debug|x64
		Debug|x86 = Debug|x86
		Release|Any CPU = Release|Any CPU
		Release|ARM = Release|ARM
		Release|iPhone = Release|iPhone
		Release|iPhoneSimulator = Release|iPhoneSimulator
		Release|x64 = Release|x64
		Release|x86 = Release|x86
	EndGlobalSection
	GlobalSection(ProjectConfigurationPlatforms) = postSolution
		{054F4680-2519-416F-A8DA-C24F7931899E}.Ad-Hoc|Any CPU.ActiveCfg = Release|Any CPU
		{054F4680-2519-416F-A8DA-C24F7931899E}.Ad-Hoc|Any CPU.Build.0 = Release|Any CPU
		{054F4680-2519-416F-A8DA-C24F7931899E}.Ad-Hoc|Any CPU.Deploy.0 = Release|Any CPU
		{054F4680-2519-416F-A8DA-C24F7931899E}.Ad-Hoc|ARM.ActiveCfg = Release|Any CPU
		{054F4680-2519-416F-A8DA-C24F7931899E}.Ad-Hoc|ARM.Build.0 = Release|Any CPU
		{054F4680-2519-416F-A8DA-C24F7931899E}.Ad-Hoc|ARM.Deploy.0 = Release|Any CPU
		{054F4680-2519-416F-A8DA-C24F7931899E}.Ad-Hoc|iPhone.ActiveCfg = Release|Any CPU
		{054F4680-2519-416F-A8DA-C24F7931899E}.Ad-Hoc|iPhone.Build.0 = Release|Any CPU
		{054F4680-2519-416F-A8DA-C24F7931899E}.Ad-Hoc|iPhone.Deploy.0 = Release|Any CPU
		{054F4680-2519-416F-A8DA-C24F7931899E}.Ad-Hoc|iPhoneSimulator.ActiveCfg = Release|Any CPU
		{054F4680-2519-416F-A8DA-C24F7931899E}.Ad-Hoc|iPhoneSimulator.Build.0 = Release|Any CPU
		{054F4680-2519-416F-A8DA-C24F7931899E}.Ad-Hoc|iPhoneSimulator.Deploy.0 = Release|Any CPU
		{054F4680-2519-416F-A8DA-C24F7931899E}.Ad-Hoc|x64.ActiveCfg = Release|Any CPU
		{054F4680-2519-416F-A8DA-C24F7931899E}.Ad-Hoc|x64.Build.0 = Release|Any CPU
		{054F4680-2519-416F-A8DA-C24F7931899E}.Ad-Hoc|x64.Deploy.0 = Release|Any CPU
		{054F4680-2519-416F-A8DA-C24F7931899E}.Ad-Hoc|x86.ActiveCfg = Release|Any CPU
		{054F4680-2519-416F-A8DA-C24F7931899E}.Ad-Hoc|x86.Build.0 = Release|Any CPU
		{054F4680-2519-416F-A8DA-C24F7931899E}.Ad-Hoc|x86.Deploy.0 = Release|Any CPU
		{054F4680-2519-416F-A8DA-C24F7931899E}.AppStore|Any CPU.ActiveCfg = Release|Any CPU
		{054F4680-2519-416F-A8DA-C24F7931899E}.AppStore|Any CPU.Build.0 = Release|Any CPU
		{054F4680-2519-416F-A8DA-C24F7931899E}.AppStore|Any CPU.Deploy.0 = Release|Any CPU
		{054F4680-2519-416F-A8DA-C24F7931899E}.AppStore|ARM.ActiveCfg = Release|Any CPU
		{054F4680-2519-416F-A8DA-C24F7931899E}.AppStore|ARM.Build.0 = Release|Any CPU
		{054F4680-2519-416F-A8DA-C24F7931899E}.AppStore|ARM.Deploy.0 = Release|Any CPU
		{054F4680-2519-416F-A8DA-C24F7931899E}.AppStore|iPhone.ActiveCfg = Release|Any CPU
		{054F4680-2519-416F-A8DA-C24F7931899E}.AppStore|iPhone.Build.0 = Release|Any CPU
		{054F4680-2519-416F-A8DA-C24F7931899E}.AppStore|iPhone.Deploy.0 = Release|Any CPU
		{054F4680-2519-416F-A8DA-C24F7931899E}.AppStore|iPhoneSimulator.ActiveCfg = Release|Any CPU
		{054F4680-2519-416F-A8DA-C24F7931899E}.AppStore|iPhoneSimulator.Build.0 = Release|Any CPU
		{054F4680-2519-416F-A8DA-C24F7931899E}.AppStore|iPhoneSimulator.Deploy.0 = Release|Any CPU
		{054F4680-2519-416F-A8DA-C24F7931899E}.AppStore|x64.ActiveCfg = Release|Any CPU
		{054F4680-2519-416F-A8DA-C24F7931899E}.AppStore|x64.Build.0 = Release|Any CPU
		{054F4680-2519-416F-A8DA-C24F7931899E}.AppStore|x64.Deploy.0 = Release|Any CPU
		{054F4680-2519-416F-A8DA-C24F7931899E}.AppStore|x86.ActiveCfg = Release|Any CPU
		{054F4680-2519-416F-A8DA-C24F7931899E}.AppStore|x86.Build.0 = Release|Any CPU
		{054F4680-2519-416F-A8DA-C24F7931899E}.AppStore|x86.Deploy.0 = Release|Any CPU
		{054F4680-2519-416F-A8DA-C24F7931899E}.Debug|Any CPU.ActiveCfg = Debug|Any CPU
		{054F4680-2519-416F-A8DA-C24F7931899E}.Debug|Any CPU.Build.0 = Debug|Any CPU
		{054F4680-2519-416F-A8DA-C24F7931899E}.Debug|Any CPU.Deploy.0 = Debug|Any CPU
		{054F4680-2519-416F-A8DA-C24F7931899E}.Debug|ARM.ActiveCfg = Debug|Any CPU
		{054F4680-2519-416F-A8DA-C24F7931899E}.Debug|ARM.Build.0 = Debug|Any CPU
		{054F4680-2519-416F-A8DA-C24F7931899E}.Debug|ARM.Deploy.0 = Debug|Any CPU
		{054F4680-2519-416F-A8DA-C24F7931899E}.Debug|iPhone.ActiveCfg = Debug|Any CPU
		{054F4680-2519-416F-A8DA-C24F7931899E}.Debug|iPhone.Build.0 = Debug|Any CPU
		{054F4680-2519-416F-A8DA-C24F7931899E}.Debug|iPhone.Deploy.0 = Debug|Any CPU
		{054F4680-2519-416F-A8DA-C24F7931899E}.Debug|iPhoneSimulator.ActiveCfg = Debug|Any CPU
		{054F4680-2519-416F-A8DA-C24F7931899E}.Debug|iPhoneSimulator.Build.0 = Debug|Any CPU
		{054F4680-2519-416F-A8DA-C24F7931899E}.Debug|iPhoneSimulator.Deploy.0 = Debug|Any CPU
		{054F4680-2519-416F-A8DA-C24F7931899E}.Debug|x64.ActiveCfg = Debug|Any CPU
		{054F4680-2519-416F-A8DA-C24F7931899E}.Debug|x64.Build.0 = Debug|Any CPU
		{054F4680-2519-416F-A8DA-C24F7931899E}.Debug|x64.Deploy.0 = Debug|Any CPU
		{054F4680-2519-416F-A8DA-C24F7931899E}.Debug|x86.ActiveCfg = Debug|Any CPU
		{054F4680-2519-416F-A8DA-C24F7931899E}.Debug|x86.Build.0 = Debug|Any CPU
		{054F4680-2519-416F-A8DA-C24F7931899E}.Debug|x86.Deploy.0 = Debug|Any CPU
		{054F4680-2519-416F-A8DA-C24F7931899E}.Release|Any CPU.ActiveCfg = Release|Any CPU
		{054F4680-2519-416F-A8DA-C24F7931899E}.Release|Any CPU.Build.0 = Release|Any CPU
		{054F4680-2519-416F-A8DA-C24F7931899E}.Release|Any CPU.Deploy.0 = Release|Any CPU
		{054F4680-2519-416F-A8DA-C24F7931899E}.Release|ARM.ActiveCfg = Release|Any CPU
		{054F4680-2519-416F-A8DA-C24F7931899E}.Release|ARM.Build.0 = Release|Any CPU
		{054F4680-2519-416F-A8DA-C24F7931899E}.Release|ARM.Deploy.0 = Release|Any CPU
		{054F4680-2519-416F-A8DA-C24F7931899E}.Release|iPhone.ActiveCfg = Release|Any CPU
		{054F4680-2519-416F-A8DA-C24F7931899E}.Release|iPhone.Build.0 = Release|Any CPU
		{054F4680-2519-416F-A8DA-C24F7931899E}.Release|iPhone.Deploy.0 = Release|Any CPU
		{054F4680-2519-416F-A8DA-C24F7931899E}.Release|iPhoneSimulator.ActiveCfg = Release|Any CPU
		{054F4680-2519-416F-A8DA-C24F7931899E}.Release|iPhoneSimulator.Build.0 = Release|Any CPU
		{054F4680-2519-416F-A8DA-C24F7931899E}.Release|iPhoneSimulator.Deploy.0 = Release|Any CPU
		{054F4680-2519-416F-A8DA-C24F7931899E}.Release|x64.ActiveCfg = Release|Any CPU
		{054F4680-2519-416F-A8DA-C24F7931899E}.Release|x64.Build.0 = Release|Any CPU
		{054F4680-2519-416F-A8DA-C24F7931899E}.Release|x64.Deploy.0 = Release|Any CPU
		{054F4680-2519-416F-A8DA-C24F7931899E}.Release|x86.ActiveCfg = Release|Any CPU
		{054F4680-2519-416F-A8DA-C24F7931899E}.Release|x86.Build.0 = Release|Any CPU
		{054F4680-2519-416F-A8DA-C24F7931899E}.Release|x86.Deploy.0 = Release|Any CPU
		{BD5D4F1F-2D46-43D5-B887-7A5015A8CE54}.Ad-Hoc|Any CPU.ActiveCfg = Ad-Hoc|iPhone
		{BD5D4F1F-2D46-43D5-B887-7A5015A8CE54}.Ad-Hoc|ARM.ActiveCfg = Ad-Hoc|iPhone
		{BD5D4F1F-2D46-43D5-B887-7A5015A8CE54}.Ad-Hoc|iPhone.ActiveCfg = Ad-Hoc|iPhone
		{BD5D4F1F-2D46-43D5-B887-7A5015A8CE54}.Ad-Hoc|iPhone.Build.0 = Ad-Hoc|iPhone
		{BD5D4F1F-2D46-43D5-B887-7A5015A8CE54}.Ad-Hoc|iPhoneSimulator.ActiveCfg = Ad-Hoc|iPhoneSimulator
		{BD5D4F1F-2D46-43D5-B887-7A5015A8CE54}.Ad-Hoc|iPhoneSimulator.Build.0 = Ad-Hoc|iPhoneSimulator
		{BD5D4F1F-2D46-43D5-B887-7A5015A8CE54}.Ad-Hoc|x64.ActiveCfg = Ad-Hoc|iPhone
		{BD5D4F1F-2D46-43D5-B887-7A5015A8CE54}.Ad-Hoc|x86.ActiveCfg = Ad-Hoc|iPhone
		{BD5D4F1F-2D46-43D5-B887-7A5015A8CE54}.AppStore|Any CPU.ActiveCfg = AppStore|iPhone
		{BD5D4F1F-2D46-43D5-B887-7A5015A8CE54}.AppStore|ARM.ActiveCfg = AppStore|iPhone
		{BD5D4F1F-2D46-43D5-B887-7A5015A8CE54}.AppStore|iPhone.ActiveCfg = AppStore|iPhone
		{BD5D4F1F-2D46-43D5-B887-7A5015A8CE54}.AppStore|iPhone.Build.0 = AppStore|iPhone
		{BD5D4F1F-2D46-43D5-B887-7A5015A8CE54}.AppStore|iPhoneSimulator.ActiveCfg = AppStore|iPhoneSimulator
		{BD5D4F1F-2D46-43D5-B887-7A5015A8CE54}.AppStore|iPhoneSimulator.Build.0 = AppStore|iPhoneSimulator
		{BD5D4F1F-2D46-43D5-B887-7A5015A8CE54}.AppStore|x64.ActiveCfg = AppStore|iPhone
		{BD5D4F1F-2D46-43D5-B887-7A5015A8CE54}.AppStore|x86.ActiveCfg = AppStore|iPhone
		{BD5D4F1F-2D46-43D5-B887-7A5015A8CE54}.Debug|Any CPU.ActiveCfg = Debug|iPhone
		{BD5D4F1F-2D46-43D5-B887-7A5015A8CE54}.Debug|ARM.ActiveCfg = Debug|iPhone
		{BD5D4F1F-2D46-43D5-B887-7A5015A8CE54}.Debug|iPhone.ActiveCfg = Debug|iPhone
		{BD5D4F1F-2D46-43D5-B887-7A5015A8CE54}.Debug|iPhone.Build.0 = Debug|iPhone
		{BD5D4F1F-2D46-43D5-B887-7A5015A8CE54}.Debug|iPhoneSimulator.ActiveCfg = Debug|iPhoneSimulator
		{BD5D4F1F-2D46-43D5-B887-7A5015A8CE54}.Debug|iPhoneSimulator.Build.0 = Debug|iPhoneSimulator
		{BD5D4F1F-2D46-43D5-B887-7A5015A8CE54}.Debug|x64.ActiveCfg = Debug|iPhone
		{BD5D4F1F-2D46-43D5-B887-7A5015A8CE54}.Debug|x86.ActiveCfg = Debug|iPhone
		{BD5D4F1F-2D46-43D5-B887-7A5015A8CE54}.Release|Any CPU.ActiveCfg = Release|iPhone
		{BD5D4F1F-2D46-43D5-B887-7A5015A8CE54}.Release|ARM.ActiveCfg = Release|iPhone
		{BD5D4F1F-2D46-43D5-B887-7A5015A8CE54}.Release|iPhone.ActiveCfg = Release|iPhone
		{BD5D4F1F-2D46-43D5-B887-7A5015A8CE54}.Release|iPhone.Build.0 = Release|iPhone
		{BD5D4F1F-2D46-43D5-B887-7A5015A8CE54}.Release|iPhoneSimulator.ActiveCfg = Release|iPhoneSimulator
		{BD5D4F1F-2D46-43D5-B887-7A5015A8CE54}.Release|iPhoneSimulator.Build.0 = Release|iPhoneSimulator
		{BD5D4F1F-2D46-43D5-B887-7A5015A8CE54}.Release|x64.ActiveCfg = Release|iPhone
		{BD5D4F1F-2D46-43D5-B887-7A5015A8CE54}.Release|x86.ActiveCfg = Release|iPhone
		{81508F68-073B-4C83-9C7C-1A1B77B47094}.Ad-Hoc|Any CPU.ActiveCfg = Release|x86
		{81508F68-073B-4C83-9C7C-1A1B77B47094}.Ad-Hoc|Any CPU.Build.0 = Release|x86
		{81508F68-073B-4C83-9C7C-1A1B77B47094}.Ad-Hoc|Any CPU.Deploy.0 = Release|x86
		{81508F68-073B-4C83-9C7C-1A1B77B47094}.Ad-Hoc|ARM.ActiveCfg = Release|ARM
		{81508F68-073B-4C83-9C7C-1A1B77B47094}.Ad-Hoc|ARM.Build.0 = Release|ARM
		{81508F68-073B-4C83-9C7C-1A1B77B47094}.Ad-Hoc|ARM.Deploy.0 = Release|ARM
		{81508F68-073B-4C83-9C7C-1A1B77B47094}.Ad-Hoc|iPhone.ActiveCfg = Release|x86
		{81508F68-073B-4C83-9C7C-1A1B77B47094}.Ad-Hoc|iPhone.Build.0 = Release|x86
		{81508F68-073B-4C83-9C7C-1A1B77B47094}.Ad-Hoc|iPhone.Deploy.0 = Release|x86
		{81508F68-073B-4C83-9C7C-1A1B77B47094}.Ad-Hoc|iPhoneSimulator.ActiveCfg = Release|x86
		{81508F68-073B-4C83-9C7C-1A1B77B47094}.Ad-Hoc|iPhoneSimulator.Build.0 = Release|x86
		{81508F68-073B-4C83-9C7C-1A1B77B47094}.Ad-Hoc|iPhoneSimulator.Deploy.0 = Release|x86
		{81508F68-073B-4C83-9C7C-1A1B77B47094}.Ad-Hoc|x64.ActiveCfg = Release|x64
		{81508F68-073B-4C83-9C7C-1A1B77B47094}.Ad-Hoc|x64.Build.0 = Release|x64
		{81508F68-073B-4C83-9C7C-1A1B77B47094}.Ad-Hoc|x64.Deploy.0 = Release|x64
		{81508F68-073B-4C83-9C7C-1A1B77B47094}.Ad-Hoc|x86.ActiveCfg = Release|x86
		{81508F68-073B-4C83-9C7C-1A1B77B47094}.Ad-Hoc|x86.Build.0 = Release|x86
		{81508F68-073B-4C83-9C7C-1A1B77B47094}.Ad-Hoc|x86.Deploy.0 = Release|x86
		{81508F68-073B-4C83-9C7C-1A1B77B47094}.AppStore|Any CPU.ActiveCfg = Release|x86
		{81508F68-073B-4C83-9C7C-1A1B77B47094}.AppStore|Any CPU.Build.0 = Release|x86
		{81508F68-073B-4C83-9C7C-1A1B77B47094}.AppStore|Any CPU.Deploy.0 = Release|x86
		{81508F68-073B-4C83-9C7C-1A1B77B47094}.AppStore|ARM.ActiveCfg = Release|ARM
		{81508F68-073B-4C83-9C7C-1A1B77B47094}.AppStore|ARM.Build.0 = Release|ARM
		{81508F68-073B-4C83-9C7C-1A1B77B47094}.AppStore|ARM.Deploy.0 = Release|ARM
		{81508F68-073B-4C83-9C7C-1A1B77B47094}.AppStore|iPhone.ActiveCfg = Release|x86
		{81508F68-073B-4C83-9C7C-1A1B77B47094}.AppStore|iPhone.Build.0 = Release|x86
		{81508F68-073B-4C83-9C7C-1A1B77B47094}.AppStore|iPhone.Deploy.0 = Release|x86
		{81508F68-073B-4C83-9C7C-1A1B77B47094}.AppStore|iPhoneSimulator.ActiveCfg = Release|x86
		{81508F68-073B-4C83-9C7C-1A1B77B47094}.AppStore|iPhoneSimulator.Build.0 = Release|x86
		{81508F68-073B-4C83-9C7C-1A1B77B47094}.AppStore|iPhoneSimulator.Deploy.0 = Release|x86
		{81508F68-073B-4C83-9C7C-1A1B77B47094}.AppStore|x64.ActiveCfg = Release|x64
		{81508F68-073B-4C83-9C7C-1A1B77B47094}.AppStore|x64.Build.0 = Release|x64
		{81508F68-073B-4C83-9C7C-1A1B77B47094}.AppStore|x64.Deploy.0 = Release|x64
		{81508F68-073B-4C83-9C7C-1A1B77B47094}.AppStore|x86.ActiveCfg = Release|x86
		{81508F68-073B-4C83-9C7C-1A1B77B47094}.AppStore|x86.Build.0 = Release|x86
		{81508F68-073B-4C83-9C7C-1A1B77B47094}.AppStore|x86.Deploy.0 = Release|x86
		{81508F68-073B-4C83-9C7C-1A1B77B47094}.Debug|Any CPU.ActiveCfg = Debug|x86
		{81508F68-073B-4C83-9C7C-1A1B77B47094}.Debug|ARM.ActiveCfg = Debug|ARM
		{81508F68-073B-4C83-9C7C-1A1B77B47094}.Debug|ARM.Build.0 = Debug|ARM
		{81508F68-073B-4C83-9C7C-1A1B77B47094}.Debug|ARM.Deploy.0 = Debug|ARM
		{81508F68-073B-4C83-9C7C-1A1B77B47094}.Debug|iPhone.ActiveCfg = Debug|x86
		{81508F68-073B-4C83-9C7C-1A1B77B47094}.Debug|iPhoneSimulator.ActiveCfg = Debug|x86
		{81508F68-073B-4C83-9C7C-1A1B77B47094}.Debug|x64.ActiveCfg = Debug|x64
		{81508F68-073B-4C83-9C7C-1A1B77B47094}.Debug|x64.Build.0 = Debug|x64
		{81508F68-073B-4C83-9C7C-1A1B77B47094}.Debug|x64.Deploy.0 = Debug|x64
		{81508F68-073B-4C83-9C7C-1A1B77B47094}.Debug|x86.ActiveCfg = Debug|x86
		{81508F68-073B-4C83-9C7C-1A1B77B47094}.Debug|x86.Build.0 = Debug|x86
		{81508F68-073B-4C83-9C7C-1A1B77B47094}.Debug|x86.Deploy.0 = Debug|x86
		{81508F68-073B-4C83-9C7C-1A1B77B47094}.Release|Any CPU.ActiveCfg = Release|x86
		{81508F68-073B-4C83-9C7C-1A1B77B47094}.Release|ARM.ActiveCfg = Release|ARM
		{81508F68-073B-4C83-9C7C-1A1B77B47094}.Release|ARM.Build.0 = Release|ARM
		{81508F68-073B-4C83-9C7C-1A1B77B47094}.Release|ARM.Deploy.0 = Release|ARM
		{81508F68-073B-4C83-9C7C-1A1B77B47094}.Release|iPhone.ActiveCfg = Release|x86
		{81508F68-073B-4C83-9C7C-1A1B77B47094}.Release|iPhoneSimulator.ActiveCfg = Release|x86
		{81508F68-073B-4C83-9C7C-1A1B77B47094}.Release|x64.ActiveCfg = Release|x64
		{81508F68-073B-4C83-9C7C-1A1B77B47094}.Release|x64.Build.0 = Release|x64
		{81508F68-073B-4C83-9C7C-1A1B77B47094}.Release|x64.Deploy.0 = Release|x64
		{81508F68-073B-4C83-9C7C-1A1B77B47094}.Release|x86.ActiveCfg = Release|x86
		{81508F68-073B-4C83-9C7C-1A1B77B47094}.Release|x86.Build.0 = Release|x86
		{81508F68-073B-4C83-9C7C-1A1B77B47094}.Release|x86.Deploy.0 = Release|x86
		{6AC582E3-DCBB-4D9C-ACBA-52FFAD0DA95B}.Ad-Hoc|Any CPU.ActiveCfg = Debug|Any CPU
		{6AC582E3-DCBB-4D9C-ACBA-52FFAD0DA95B}.Ad-Hoc|Any CPU.Build.0 = Debug|Any CPU
		{6AC582E3-DCBB-4D9C-ACBA-52FFAD0DA95B}.Ad-Hoc|ARM.ActiveCfg = Debug|Any CPU
		{6AC582E3-DCBB-4D9C-ACBA-52FFAD0DA95B}.Ad-Hoc|ARM.Build.0 = Debug|Any CPU
		{6AC582E3-DCBB-4D9C-ACBA-52FFAD0DA95B}.Ad-Hoc|iPhone.ActiveCfg = Debug|Any CPU
		{6AC582E3-DCBB-4D9C-ACBA-52FFAD0DA95B}.Ad-Hoc|iPhone.Build.0 = Debug|Any CPU
		{6AC582E3-DCBB-4D9C-ACBA-52FFAD0DA95B}.Ad-Hoc|iPhoneSimulator.ActiveCfg = Debug|Any CPU
		{6AC582E3-DCBB-4D9C-ACBA-52FFAD0DA95B}.Ad-Hoc|iPhoneSimulator.Build.0 = Debug|Any CPU
		{6AC582E3-DCBB-4D9C-ACBA-52FFAD0DA95B}.Ad-Hoc|x64.ActiveCfg = Debug|Any CPU
		{6AC582E3-DCBB-4D9C-ACBA-52FFAD0DA95B}.Ad-Hoc|x64.Build.0 = Debug|Any CPU
		{6AC582E3-DCBB-4D9C-ACBA-52FFAD0DA95B}.Ad-Hoc|x86.ActiveCfg = Debug|Any CPU
		{6AC582E3-DCBB-4D9C-ACBA-52FFAD0DA95B}.Ad-Hoc|x86.Build.0 = Debug|Any CPU
		{6AC582E3-DCBB-4D9C-ACBA-52FFAD0DA95B}.AppStore|Any CPU.ActiveCfg = Debug|Any CPU
		{6AC582E3-DCBB-4D9C-ACBA-52FFAD0DA95B}.AppStore|Any CPU.Build.0 = Debug|Any CPU
		{6AC582E3-DCBB-4D9C-ACBA-52FFAD0DA95B}.AppStore|ARM.ActiveCfg = Debug|Any CPU
		{6AC582E3-DCBB-4D9C-ACBA-52FFAD0DA95B}.AppStore|ARM.Build.0 = Debug|Any CPU
		{6AC582E3-DCBB-4D9C-ACBA-52FFAD0DA95B}.AppStore|iPhone.ActiveCfg = Debug|Any CPU
		{6AC582E3-DCBB-4D9C-ACBA-52FFAD0DA95B}.AppStore|iPhone.Build.0 = Debug|Any CPU
		{6AC582E3-DCBB-4D9C-ACBA-52FFAD0DA95B}.AppStore|iPhoneSimulator.ActiveCfg = Debug|Any CPU
		{6AC582E3-DCBB-4D9C-ACBA-52FFAD0DA95B}.AppStore|iPhoneSimulator.Build.0 = Debug|Any CPU
		{6AC582E3-DCBB-4D9C-ACBA-52FFAD0DA95B}.AppStore|x64.ActiveCfg = Debug|Any CPU
		{6AC582E3-DCBB-4D9C-ACBA-52FFAD0DA95B}.AppStore|x64.Build.0 = Debug|Any CPU
		{6AC582E3-DCBB-4D9C-ACBA-52FFAD0DA95B}.AppStore|x86.ActiveCfg = Debug|Any CPU
		{6AC582E3-DCBB-4D9C-ACBA-52FFAD0DA95B}.AppStore|x86.Build.0 = Debug|Any CPU
		{6AC582E3-DCBB-4D9C-ACBA-52FFAD0DA95B}.Debug|Any CPU.ActiveCfg = Debug|Any CPU
		{6AC582E3-DCBB-4D9C-ACBA-52FFAD0DA95B}.Debug|Any CPU.Build.0 = Debug|Any CPU
		{6AC582E3-DCBB-4D9C-ACBA-52FFAD0DA95B}.Debug|ARM.ActiveCfg = Debug|Any CPU
		{6AC582E3-DCBB-4D9C-ACBA-52FFAD0DA95B}.Debug|ARM.Build.0 = Debug|Any CPU
		{6AC582E3-DCBB-4D9C-ACBA-52FFAD0DA95B}.Debug|iPhone.ActiveCfg = Debug|Any CPU
		{6AC582E3-DCBB-4D9C-ACBA-52FFAD0DA95B}.Debug|iPhone.Build.0 = Debug|Any CPU
		{6AC582E3-DCBB-4D9C-ACBA-52FFAD0DA95B}.Debug|iPhoneSimulator.ActiveCfg = Debug|Any CPU
		{6AC582E3-DCBB-4D9C-ACBA-52FFAD0DA95B}.Debug|iPhoneSimulator.Build.0 = Debug|Any CPU
		{6AC582E3-DCBB-4D9C-ACBA-52FFAD0DA95B}.Debug|x64.ActiveCfg = Debug|Any CPU
		{6AC582E3-DCBB-4D9C-ACBA-52FFAD0DA95B}.Debug|x64.Build.0 = Debug|Any CPU
		{6AC582E3-DCBB-4D9C-ACBA-52FFAD0DA95B}.Debug|x86.ActiveCfg = Debug|Any CPU
		{6AC582E3-DCBB-4D9C-ACBA-52FFAD0DA95B}.Debug|x86.Build.0 = Debug|Any CPU
		{6AC582E3-DCBB-4D9C-ACBA-52FFAD0DA95B}.Release|Any CPU.ActiveCfg = Release|Any CPU
		{6AC582E3-DCBB-4D9C-ACBA-52FFAD0DA95B}.Release|Any CPU.Build.0 = Release|Any CPU
		{6AC582E3-DCBB-4D9C-ACBA-52FFAD0DA95B}.Release|ARM.ActiveCfg = Release|Any CPU
		{6AC582E3-DCBB-4D9C-ACBA-52FFAD0DA95B}.Release|ARM.Build.0 = Release|Any CPU
		{6AC582E3-DCBB-4D9C-ACBA-52FFAD0DA95B}.Release|iPhone.ActiveCfg = Release|Any CPU
		{6AC582E3-DCBB-4D9C-ACBA-52FFAD0DA95B}.Release|iPhone.Build.0 = Release|Any CPU
		{6AC582E3-DCBB-4D9C-ACBA-52FFAD0DA95B}.Release|iPhoneSimulator.ActiveCfg = Release|Any CPU
		{6AC582E3-DCBB-4D9C-ACBA-52FFAD0DA95B}.Release|iPhoneSimulator.Build.0 = Release|Any CPU
		{6AC582E3-DCBB-4D9C-ACBA-52FFAD0DA95B}.Release|x64.ActiveCfg = Release|Any CPU
		{6AC582E3-DCBB-4D9C-ACBA-52FFAD0DA95B}.Release|x64.Build.0 = Release|Any CPU
		{6AC582E3-DCBB-4D9C-ACBA-52FFAD0DA95B}.Release|x86.ActiveCfg = Release|Any CPU
		{6AC582E3-DCBB-4D9C-ACBA-52FFAD0DA95B}.Release|x86.Build.0 = Release|Any CPU
		{B19C892E-2628-4CA7-AD27-08D406A3B14B}.Ad-Hoc|Any CPU.ActiveCfg = Release|Any CPU
		{B19C892E-2628-4CA7-AD27-08D406A3B14B}.Ad-Hoc|Any CPU.Build.0 = Release|Any CPU
		{B19C892E-2628-4CA7-AD27-08D406A3B14B}.Ad-Hoc|ARM.ActiveCfg = Release|Any CPU
		{B19C892E-2628-4CA7-AD27-08D406A3B14B}.Ad-Hoc|ARM.Build.0 = Release|Any CPU
		{B19C892E-2628-4CA7-AD27-08D406A3B14B}.Ad-Hoc|iPhone.ActiveCfg = Release|Any CPU
		{B19C892E-2628-4CA7-AD27-08D406A3B14B}.Ad-Hoc|iPhone.Build.0 = Release|Any CPU
		{B19C892E-2628-4CA7-AD27-08D406A3B14B}.Ad-Hoc|iPhoneSimulator.ActiveCfg = Release|Any CPU
		{B19C892E-2628-4CA7-AD27-08D406A3B14B}.Ad-Hoc|iPhoneSimulator.Build.0 = Release|Any CPU
		{B19C892E-2628-4CA7-AD27-08D406A3B14B}.Ad-Hoc|x64.ActiveCfg = Release|Any CPU
		{B19C892E-2628-4CA7-AD27-08D406A3B14B}.Ad-Hoc|x64.Build.0 = Release|Any CPU
		{B19C892E-2628-4CA7-AD27-08D406A3B14B}.Ad-Hoc|x86.ActiveCfg = Release|Any CPU
		{B19C892E-2628-4CA7-AD27-08D406A3B14B}.Ad-Hoc|x86.Build.0 = Release|Any CPU
		{B19C892E-2628-4CA7-AD27-08D406A3B14B}.AppStore|Any CPU.ActiveCfg = Release|Any CPU
		{B19C892E-2628-4CA7-AD27-08D406A3B14B}.AppStore|Any CPU.Build.0 = Release|Any CPU
		{B19C892E-2628-4CA7-AD27-08D406A3B14B}.AppStore|ARM.ActiveCfg = Release|Any CPU
		{B19C892E-2628-4CA7-AD27-08D406A3B14B}.AppStore|ARM.Build.0 = Release|Any CPU
		{B19C892E-2628-4CA7-AD27-08D406A3B14B}.AppStore|iPhone.ActiveCfg = Release|Any CPU
		{B19C892E-2628-4CA7-AD27-08D406A3B14B}.AppStore|iPhone.Build.0 = Release|Any CPU
		{B19C892E-2628-4CA7-AD27-08D406A3B14B}.AppStore|iPhoneSimulator.ActiveCfg = Release|Any CPU
		{B19C892E-2628-4CA7-AD27-08D406A3B14B}.AppStore|iPhoneSimulator.Build.0 = Release|Any CPU
		{B19C892E-2628-4CA7-AD27-08D406A3B14B}.AppStore|x64.ActiveCfg = Release|Any CPU
		{B19C892E-2628-4CA7-AD27-08D406A3B14B}.AppStore|x64.Build.0 = Release|Any CPU
		{B19C892E-2628-4CA7-AD27-08D406A3B14B}.AppStore|x86.ActiveCfg = Release|Any CPU
		{B19C892E-2628-4CA7-AD27-08D406A3B14B}.AppStore|x86.Build.0 = Release|Any CPU
		{B19C892E-2628-4CA7-AD27-08D406A3B14B}.Debug|Any CPU.ActiveCfg = Debug|Any CPU
		{B19C892E-2628-4CA7-AD27-08D406A3B14B}.Debug|Any CPU.Build.0 = Debug|Any CPU
		{B19C892E-2628-4CA7-AD27-08D406A3B14B}.Debug|ARM.ActiveCfg = Debug|Any CPU
		{B19C892E-2628-4CA7-AD27-08D406A3B14B}.Debug|ARM.Build.0 = Debug|Any CPU
		{B19C892E-2628-4CA7-AD27-08D406A3B14B}.Debug|iPhone.ActiveCfg = Debug|Any CPU
		{B19C892E-2628-4CA7-AD27-08D406A3B14B}.Debug|iPhone.Build.0 = Debug|Any CPU
		{B19C892E-2628-4CA7-AD27-08D406A3B14B}.Debug|iPhoneSimulator.ActiveCfg = Debug|Any CPU
		{B19C892E-2628-4CA7-AD27-08D406A3B14B}.Debug|iPhoneSimulator.Build.0 = Debug|Any CPU
		{B19C892E-2628-4CA7-AD27-08D406A3B14B}.Debug|x64.ActiveCfg = Debug|Any CPU
		{B19C892E-2628-4CA7-AD27-08D406A3B14B}.Debug|x64.Build.0 = Debug|Any CPU
		{B19C892E-2628-4CA7-AD27-08D406A3B14B}.Debug|x86.ActiveCfg = Debug|Any CPU
		{B19C892E-2628-4CA7-AD27-08D406A3B14B}.Debug|x86.Build.0 = Debug|Any CPU
		{B19C892E-2628-4CA7-AD27-08D406A3B14B}.Release|Any CPU.ActiveCfg = Release|Any CPU
		{B19C892E-2628-4CA7-AD27-08D406A3B14B}.Release|Any CPU.Build.0 = Release|Any CPU
		{B19C892E-2628-4CA7-AD27-08D406A3B14B}.Release|ARM.ActiveCfg = Release|Any CPU
		{B19C892E-2628-4CA7-AD27-08D406A3B14B}.Release|ARM.Build.0 = Release|Any CPU
		{B19C892E-2628-4CA7-AD27-08D406A3B14B}.Release|iPhone.ActiveCfg = Release|Any CPU
		{B19C892E-2628-4CA7-AD27-08D406A3B14B}.Release|iPhone.Build.0 = Release|Any CPU
		{B19C892E-2628-4CA7-AD27-08D406A3B14B}.Release|iPhoneSimulator.ActiveCfg = Release|Any CPU
		{B19C892E-2628-4CA7-AD27-08D406A3B14B}.Release|iPhoneSimulator.Build.0 = Release|Any CPU
		{B19C892E-2628-4CA7-AD27-08D406A3B14B}.Release|x64.ActiveCfg = Release|Any CPU
		{B19C892E-2628-4CA7-AD27-08D406A3B14B}.Release|x64.Build.0 = Release|Any CPU
		{B19C892E-2628-4CA7-AD27-08D406A3B14B}.Release|x86.ActiveCfg = Release|Any CPU
		{B19C892E-2628-4CA7-AD27-08D406A3B14B}.Release|x86.Build.0 = Release|Any CPU
	EndGlobalSection
	GlobalSection(SolutionProperties) = preSolution
		HideSolutionNode = FALSE
	EndGlobalSection
	GlobalSection(ExtensibilityGlobals) = postSolution
		SolutionGuid = {BB2C372C-7668-4115-8C9A-5629635CBDAA}
	EndGlobalSection
EndGlobal
